PODS:
  - ExpandingDatePicker (1.0.1)

DEPENDENCIES:
  - ExpandingDatePicker (from `../`)

EXTERNAL SOURCES:
  ExpandingDatePicker:
    :path: "../"

SPEC CHECKSUMS:
  ExpandingDatePicker: 21e3a3d89406533be62c2a9cc0e96710a782b9af

PODFILE CHECKSUM: 38098e49cdef4b7c715a0dfb537f62e251c8d4c3

COCOAPODS: 1.9.3
